// !$*UTF8*$!
{
	archiveVersion = 1;
	classes = {
	};
	objectVersion = 46;
	objects = {

/* Begin PBXBuildFile section */
		41BC0F661DB9B1F300D18CF3 /* AppDelegate.swift in Sources */ = {isa = PBXBuildFile; fileRef = 41BC0F651DB9B1F300D18CF3 /* AppDelegate.swift */; };
		41BC0F681DB9B1F300D18CF3 /* ViewController.swift in Sources */ = {isa = PBXBuildFile; fileRef = 41BC0F671DB9B1F300D18CF3 /* ViewController.swift */; };
		41BC0F6B1DB9B1F300D18CF3 /* Main.storyboard in Resources */ = {isa = PBXBuildFile; fileRef = 41BC0F691DB9B1F300D18CF3 /* Main.storyboard */; };
		41BC0F6D1DB9B1F300D18CF3 /* Assets.xcassets in Resources */ = {isa = PBXBuildFile; fileRef = 41BC0F6C1DB9B1F300D18CF3 /* Assets.xcassets */; };
		41BC0F701DB9B1F300D18CF3 /* LaunchScreen.storyboard in Resources */ = {isa = PBXBuildFile; fileRef = 41BC0F6E1DB9B1F300D18CF3 /* LaunchScreen.storyboard */; };
/* End PBXBuildFile section */

/* Begin PBXFileReference section */
		41BC0F621DB9B1F300D18CF3 /* 友盟第三方登录分享.app */ = {isa = PBXFileReference; explicitFileType = wrapper.application; includeInIndex = 0; path = "友盟第三方登录分享.app"; sourceTree = BUILT_PRODUCTS_DIR; };
		41BC0F651DB9B1F300D18CF3 /* AppDelegate.swift */ = {isa = PBXFileReference; lastKnownFileType = sourcecode.swift; path = AppDelegate.swift; sourceTree = "<group>"; };
		41BC0F671DB9B1F300D18CF3 /* ViewController.swift */ = {isa = PBXFileReference; lastKnownFileType = sourcecode.swift; path = ViewController.swift; sourceTree = "<group>"; };
		41BC0F6A1DB9B1F300D18CF3 /* Base */ = {isa = PBXFileReference; lastKnownFileType = file.storyboard; name = Base; path = Base.lproj/Main.storyboard; sourceTree = "<group>"; };
		41BC0F6C1DB9B1F300D18CF3 /* Assets.xcassets */ = {isa = PBXFileReference; lastKnownFileType = folder.assetcatalog; path = Assets.xcassets; sourceTree = "<group>"; };
		41BC0F6F1DB9B1F300D18CF3 /* Base */ = {isa = PBXFileReference; lastKnownFileType = file.storyboard; name = Base; path = Base.lproj/LaunchScreen.storyboard; sourceTree = "<group>"; };
		41BC0F711DB9B1F300D18CF3 /* Info.plist */ = {isa = PBXFileReference; lastKnownFileType = text.plist.xml; path = Info.plist; sourceTree = "<group>"; };
/* End PBXFileReference section */

/* Begin PBXFrameworksBuildPhase section */
		41BC0F5F1DB9B1F300D18CF3 /* Frameworks */ = {
			isa = PBXFrameworksBuildPhase;
			buildActionMask = 2147483647;
			files = (
			);
			runOnlyForDeploymentPostprocessing = 0;
		};
/* End PBXFrameworksBuildPhase section */

/* Begin PBXGroup section */
		41BC0F591DB9B1F300D18CF3 = {
			isa = PBXGroup;
			children = (
				41BC0F641DB9B1F300D18CF3 /* 友盟第三方登录分享 */,
				41BC0F631DB9B1F300D18CF3 /* Products */,
			);
			sourceTree = "<group>";
		};
		41BC0F631DB9B1F300D18CF3 /* Products */ = {
			isa = PBXGroup;
			children = (
				41BC0F621DB9B1F300D18CF3 /* 友盟第三方登录分享.app */,
			);
			name = Products;
			sourceTree = "<group>";
		};
		41BC0F641DB9B1F300D18CF3 /* 友盟第三方登录分享 */ = {
			isa = PBXGroup;
			children = (
				41BC0F651DB9B1F300D18CF3 /* AppDelegate.swift */,
				41BC0F671DB9B1F300D18CF3 /* ViewController.swift */,
				41BC0F691DB9B1F300D18CF3 /* Main.storyboard */,
				41BC0F6C1DB9B1F300D18CF3 /* Assets.xcassets */,
				41BC0F6E1DB9B1F300D18CF3 /* LaunchScreen.storyboard */,
				41BC0F711DB9B1F300D18CF3 /* Info.plist */,
			);
			path = "友盟第三方登录分享";
			sourceTree = "<group>";
		};
/* End PBXGroup section */

/* Begin PBXNativeTarget section */
		41BC0F611DB9B1F300D18CF3 /* 友盟第三方登录分享 */ = {
			isa = PBXNativeTarget;
			buildConfigurationList = 41BC0F741DB9B1F300D18CF3 /* Build configuration list for PBXNativeTarget "友盟第三方登录分享" */;
			buildPhases = (
				41BC0F5E1DB9B1F300D18CF3 /* Sources */,
				41BC0F5F1DB9B1F300D18CF3 /* Frameworks */,
				41BC0F601DB9B1F300D18CF3 /* Resources */,
			);
			buildRules = (
			);
			dependencies = (
			);
			name = "友盟第三方登录分享";
			productName = "友盟第三方登录分享";
			productReference = 41BC0F621DB9B1F300D18CF3 /* 友盟第三方登录分享.app */;
			productType = "com.apple.product-type.application";
		};
/* End PBXNativeTarget section */

/* Begin PBXProject section */
		41BC0F5A1DB9B1F300D18CF3 /* Project object */ = {
			isa = PBXProject;
			attributes = {
				LastSwiftUpdateCheck = 0800;
				LastUpgradeCheck = 0800;
				ORGANIZATIONNAME = Xinxibin;
				TargetAttributes = {
					41BC0F611DB9B1F300D18CF3 = {
						CreatedOnToolsVersion = 8.0;
						DevelopmentTeam = 34QXYKJ6T9;
						ProvisioningStyle = Automatic;
					};
				};
			};
			buildConfigurationList = 41BC0F5D1DB9B1F300D18CF3 /* Build configuration list for PBXProject "友盟第三方登录分享" */;
			compatibilityVersion = "Xcode 3.2";
			developmentRegion = English;
			hasScannedForEncodings = 0;
			knownRegions = (
				en,
				Base,
			);
			mainGroup = 41BC0F591DB9B1F300D18CF3;
			productRefGroup = 41BC0F631DB9B1F300D18CF3 /* Products */;
			projectDirPath = "";
			projectRoot = "";
			targets = (
				41BC0F611DB9B1F300D18CF3 /* 友盟第三方登录分享 */,
			);
		};
/* End PBXProject section */

/* Begin PBXResourcesBuildPhase section */
		41BC0F601DB9B1F300D18CF3 /* Resources */ = {
			isa = PBXResourcesBuildPhase;
			buildActionMask = 2147483647;
			files = (
				41BC0F701DB9B1F300D18CF3 /* LaunchScreen.storyboard in Resources */,
				41BC0F6D1DB9B1F300D18CF3 /* Assets.xcassets in Resources */,
				41BC0F6B1DB9B1F300D18CF3 /* Main.storyboard in Resources */,
			);
			runOnlyForDeploymentPostprocessing = 0;
		};
/* End PBXResourcesBuildPhase section */

/* Begin PBXSourcesBuildPhase section */
		41BC0F5E1DB9B1F300D18CF3 /* Sources */ = {
			isa = PBXSourcesBuildPhase;
			buildActionMask = 2147483647;
			files = (
				41BC0F681DB9B1F300D18CF3 /* ViewController.swift in Sources */,
				41BC0F661DB9B1F300D18CF3 /* AppDelegate.swift in Sources */,
			);
			runOnlyForDeploymentPostprocessing = 0;
		};
/* End PBXSourcesBuildPhase section */

/* Begin PBXVariantGroup section */
		41BC0F691DB9B1F300D18CF3 /* Main.storyboard */ = {
			isa = PBXVariantGroup;
			children = (
				41BC0F6A1DB9B1F300D18CF3 /* Base */,
			);
			name = Main.storyboard;
			sourceTree = "<group>";
		};
		41BC0F6E1DB9B1F300D18CF3 /* LaunchScreen.storyboard */ = {
			isa = PBXVariantGroup;
			children = (
				41BC0F6F1DB9B1F300D18CF3 /* Base */,
			);
			name = LaunchScreen.storyboard;
			sourceTree = "<group>";
		};
/* End PBXVariantGroup section */

/* Begin XCBuildConfiguration section */
		41BC0F721DB9B1F300D18CF3 /* Debug */ = {
			isa = XCBuildConfiguration;
			buildSettings = {
				ALWAYS_SEARCH_USER_PATHS = NO;
				CLANG_ANALYZER_NONNULL = YES;
				CLANG_CXX_LANGUAGE_STANDARD = "gnu++0x";
				CLANG_CXX_LIBRARY = "libc++";
				CLANG_ENABLE_MODULES = YES;
				CLANG_ENABLE_OBJC_ARC = YES;
				CLANG_WARN_BOOL_CONVERSION = YES;
				CLANG_WARN_CONSTANT_CONVERSION = YES;
				CLANG_WARN_DIRECT_OBJC_ISA_USAGE = YES_ERROR;
				CLANG_WARN_DOCUMENTATION_COMMENTS = YES;
				CLANG_WARN_EMPTY_BODY = YES;
				CLANG_WARN_ENUM_CONVERSION = YES;
				CLANG_WARN_INFINITE_RECURSION = YES;
				CLANG_WARN_INT_CONVERSION = YES;
				CLANG_WARN_OBJC_ROOT_CLASS = YES_ERROR;
				CLANG_WARN_SUSPICIOUS_MOVES = YES;
				CLANG_WARN_UNREACHABLE_CODE = YES;
				CLANG_WARN__DUPLICATE_METHOD_MATCH = YES;
				"CODE_SIGN_IDENTITY[sdk=iphoneos*]" = "iPhone Developer";
				COPY_PHASE_STRIP = NO;
				DEBUG_INFORMATION_FORMAT = dwarf;
				ENABLE_STRICT_OBJC_MSGSEND = YES;
				ENABLE_TESTABILITY = YES;
				GCC_C_LANGUAGE_STANDARD = gnu99;
				GCC_DYNAMIC_NO_PIC = NO;
				GCC_NO_COMMON_BLOCKS = YES;
				GCC_OPTIMIZATION_LEVEL = 0;
				GCC_PREPROCESSOR_DEFINITIONS = (
					"DEBUG=1",
					"$(inherited)",
				);
				GCC_WARN_64_TO_32_BIT_CONVERSION = YES;
				GCC_WARN_ABOUT_RETURN_TYPE = YES_ERROR;
				GCC_WARN_UNDECLARED_SELECTOR = YES;
				GCC_WARN_UNINITIALIZED_AUTOS = YES_AGGRESSIVE;
				GCC_WARN_UNUSED_FUNCTION = YES;
				GCC_WARN_UNUSED_VARIABLE = YES;
				IPHONEOS_DEPLOYMENT_TARGET = 10.0;
				MTL_ENABLE_DEBUG_INFO = YES;
				ONLY_ACTIVE_ARCH = YES;
				SDKROOT = iphoneos;
				SWIFT_ACTIVE_COMPILATION_CONDITIONS = DEBUG;
				SWIFT_OPTIMIZATION_LEVEL = "-Onone";
				TARGETED_DEVICE_FAMILY = "1,2";
			};
			name = Debug;
		};
		41BC0F731DB9B1F300D18CF3 /* Release */ = {
			isa = XCBuildConfiguration;
			buildSettings = {
				ALWAYS_SEARCH_USER_PATHS = NO;
				CLANG_ANALYZER_NONNULL = YES;
				CLANG_CXX_LANGUAGE_STANDARD = "gnu++0x";
				CLANG_CXX_LIBRARY = "libc++";
				CLANG_ENABLE_MODULES = YES;
				CLANG_ENABLE_OBJC_ARC = YES;
				CLANG_WARN_BOOL_CONVERSION = YES;
				CLANG_WARN_CONSTANT_CONVERSION = YES;
				CLANG_WARN_DIRECT_OBJC_ISA_USAGE = YES_ERROR;
				CLANG_WARN_DOCUMENTATION_COMMENTS = YES;
				CLANG_WARN_EMPTY_BODY = YES;
				CLANG_WARN_ENUM_CONVERSION = YES;
				CLANG_WARN_INFINITE_RECURSION = YES;
				CLANG_WARN_INT_CONVERSION = YES;
				CLANG_WARN_OBJC_ROOT_CLASS = YES_ERROR;
				CLANG_WARN_SUSPICIOUS_MOVES = YES;
				CLANG_WARN_UNREACHABLE_CODE = YES;
				CLANG_WARN__DUPLICATE_METHOD_MATCH = YES;
				"CODE_SIGN_IDENTITY[sdk=iphoneos*]" = "iPhone Developer";
				COPY_PHASE_STRIP = NO;
				DEBUG_INFORMATION_FORMAT = "dwarf-with-dsym";
				ENABLE_NS_ASSERTIONS = NO;
				ENABLE_STRICT_OBJC_MSGSEND = YES;
				GCC_C_LANGUAGE_STANDARD = gnu99;
				GCC_NO_COMMON_BLOCKS = YES;
				GCC_WARN_64_TO_32_BIT_CONVERSION = YES;
				GCC_WARN_ABOUT_RETURN_TYPE = YES_ERROR;
				GCC_WARN_UNDECLARED_SELECTOR = YES;
				GCC_WARN_UNINITIALIZED_AUTOS = YES_AGGRESSIVE;
				GCC_WARN_UNUSED_FUNCTION = YES;
				GCC_WARN_UNUSED_VARIABLE = YES;
				IPHONEOS_DEPLOYMENT_TARGET = 10.0;
				MTL_ENABLE_DEBUG_INFO = NO;
				SDKROOT = iphoneos;
				SWIFT_OPTIMIZATION_LEVEL = "-Owholemodule";
				TARGETED_DEVICE_FAMILY = "1,2";
				VALIDATE_PRODUCT = YES;
			};
			name = Release;
		};
		41BC0F751DB9B1F300D18CF3 /* Debug */ = {
			isa = XCBuildConfiguration;
			buildSettings = {
				ASSETCATALOG_COMPILER_APPICON_NAME = AppIcon;
				DEVELOPMENT_TEAM = 34QXYKJ6T9;
				INFOPLIST_FILE = "友盟第三方登录分享/Info.plist";
				LD_RUNPATH_SEARCH_PATHS = "$(inherited) @executable_path/Frameworks";
				PRODUCT_BUNDLE_IDENTIFIER = "com.xinxibin.---------";
				PRODUCT_NAME = "$(TARGET_NAME)";
				SWIFT_VERSION = 3.0;
			};
			name = Debug;
		};
		41BC0F761DB9B1F300D18CF3 /* Release */ = {
			isa = XCBuildConfiguration;
			buildSettings = {
				ASSETCATALOG_COMPILER_APPICON_NAME = AppIcon;
				DEVELOPMENT_TEAM = 34QXYKJ6T9;
				INFOPLIST_FILE = "友盟第三方登录分享/Info.plist";
				LD_RUNPATH_SEARCH_PATHS = "$(inherited) @executable_path/Frameworks";
				PRODUCT_BUNDLE_IDENTIFIER = "com.xinxibin.---------";
				PRODUCT_NAME = "$(TARGET_NAME)";
				SWIFT_VERSION = 3.0;
			};
			name = Release;
		};
/* End XCBuildConfiguration section */

/* Begin XCConfigurationList section */
		41BC0F5D1DB9B1F300D18CF3 /* Build configuration list for PBXProject "友盟第三方登录分享" */ = {
			isa = XCConfigurationList;
			buildConfigurations = (
				41BC0F721DB9B1F300D18CF3 /* Debug */,
				41BC0F731DB9B1F300D18CF3 /* Release */,
			);
			defaultConfigurationIsVisible = 0;
			defaultConfigurationName = Release;
		};
		41BC0F741DB9B1F300D18CF3 /* Build configuration list for PBXNativeTarget "友盟第三方登录分享" */ = {
			isa = XCConfigurationList;
			buildConfigurations = (
				41BC0F751DB9B1F300D18CF3 /* Debug */,
				41BC0F761DB9B1F300D18CF3 /* Release */,
			);
			defaultConfigurationIsVisible = 0;
		};
/* End XCConfigurationList section */
	};
	rootObject = 41BC0F5A1DB9B1F300D18CF3 /* Project object */;
}
